{
    "_readme": [
        "This file locks the dependencies of your project to a known state",
        "Read more about it at https://getcomposer.org/doc/01-basic-usage.md#installing-dependencies",
        "This file is @generated automatically"
    ],
    "content-hash": "c4f0bf4a24481d566ba4b09b76db6d06",
    "packages": [
        {
            "name": "wpboilerplate/wpb-register-blocks",
            "version": "dev-main",
            "source": {
                "type": "git",
                "url": "https://github.com/WPBoilerplate/wpb-register-blocks.git",
                "reference": "7ef4f2212e4567a8487c90069c62337893133fc9"
            },
            "dist": {
                "type": "zip",
                "url": "https://api.github.com/repos/WPBoilerplate/wpb-register-blocks/zipball/7ef4f2212e4567a8487c90069c62337893133fc9",
                "reference": "7ef4f2212e4567a8487c90069c62337893133fc9",
                "shasum": ""
            },
            "default-branch": true,
            "type": "library",
            "autoload": {
                "files": [
                    "index.php"
                ]
            },
            "notification-url": "https://packagist.org/downloads/",
            "license": [
                "GPL-2.0-or-later"
            ],
            "authors": [
                {
                    "name": "WPBoilerplate"
                }
            ],
            "description": "Composer to autoload the Blocks in Plugins",
            "homepage": "https://github.com/WPBoilerplate/wpb-register-blocks",
            "keywords": [
                "plugin",
                "wordpress"
            ],
            "support": {
                "issues": "https://github.com/WPBoilerplate/wpb-register-blocks/issues",
                "source": "https://github.com/WPBoilerplate/wpb-register-blocks/tree/main"
            },
            "time": "2025-06-12T13:31:11+00:00"
        }
    ],
    "packages-dev": [],
    "aliases": [],
    "minimum-stability": "dev",
    "stability-flags": {
        "wpboilerplate/wpb-register-blocks": 20
    },
    "prefer-stable": false,
    "prefer-lowest": false,
    "platform": {},
    "platform-dev": {},
    "plugin-api-version": "2.6.0"
}
